
Microsoft Visual Studio Solution File, Format Version 12.00
# Visual Studio 15
Project("{FAE04EC0-301F-11D3-BF4B-00C04F79EFBC}") = "GPACalculator", "GPACalculator.csproj", "{C4069FAE-90F8-402F-BCAA-C5946EE4282B}"
EndProject
Global
	GlobalSection(SolutionConfigurationPlatforms) = preSolution
		Debug|Any CPU = Debug|Any CPU
		Release|Any CPU = Release|Any CPU
	EndGlobalSection
	GlobalSection(ProjectConfigurationPlatforms) = postSolution
		{C4069FAE-90F8-402F-BCAA-C5946EE4282B}.Debug|Any CPU.ActiveCfg = Debug|Any CPU
		{C4069FAE-90F8-402F-BCAA-C5946EE4282B}.Debug|Any CPU.Build.0 = Debug|Any CPU
		{C4069FAE-90F8-402F-BCAA-C5946EE4282B}.Release|Any CPU.ActiveCfg = Release|Any CPU
		{C4069FAE-90F8-402F-BCAA-C5946EE4282B}.Release|Any CPU.Build.0 = Release|Any CPU
	EndGlobalSection
EndGlobal
